# This file is autogenerated, do not edit; changes may be undone by the next 'dep ensure'.


[[projects]]
  branch = "master"
  name = "github.com/matryer/is"
  packages = ["."]
  revision = "be846f6cea707577c0d3a1e055d6cb719b68d533"

[[projects]]
  name = "github.com/pkg/errors"
  packages = ["."]
  revision = "645ef00459ed84a119197bfb8d8205042c6df63d"
  version = "v0.8.0"

[solve-meta]
  analyzer-name = "dep"
  analyzer-version = 1
  inputs-digest = "4bd273abb1d367b5a0ece4625afd0331ce36843d82a0543063d78087f4f67ab9"
  solver-name = "gps-cdcl"
  solver-version = 1
